
Microsoft Visual Studio Solution File, Format Version 12.00
# Visual Studio Version 17
VisualStudioVersion = 17.14.36212.18 d17.14
MinimumVisualStudioVersion = 10.0.40219.1
Project("{2150E333-8FDC-42A3-9474-1A3956D46DE8}") = "src", "src", "{02EA681E-C7D8-13C7-8484-4AC65E1B71E8}"
EndProject
Project("{2150E333-8FDC-42A3-9474-1A3956D46DE8}") = "services", "services", "{690C881D-3991-43C8-9720-772BE2AEC8A3}"
EndProject
Project("{2150E333-8FDC-42A3-9474-1A3956D46DE8}") = "shared", "shared", "{0C313832-6790-4C7A-86B0-DF869AAAF29A}"
EndProject
Project("{FAE04EC0-301F-11D3-BF4B-00C04F79EFBC}") = "SmartTaskandTimeTrackingSystem.Shared", "SmartTaskandTimeTrackingSystem.Shared\SmartTaskandTimeTrackingSystem.Shared.csproj", "{C607B73B-518D-419C-90F3-72EE84892F55}"
EndProject
Global
	GlobalSection(SolutionConfigurationPlatforms) = preSolution
		Debug|Any CPU = Debug|Any CPU
		Release|Any CPU = Release|Any CPU
	EndGlobalSection
	GlobalSection(ProjectConfigurationPlatforms) = postSolution
		{C607B73B-518D-419C-90F3-72EE84892F55}.Debug|Any CPU.ActiveCfg = Debug|Any CPU
		{C607B73B-518D-419C-90F3-72EE84892F55}.Debug|Any CPU.Build.0 = Debug|Any CPU
		{C607B73B-518D-419C-90F3-72EE84892F55}.Release|Any CPU.ActiveCfg = Release|Any CPU
		{C607B73B-518D-419C-90F3-72EE84892F55}.Release|Any CPU.Build.0 = Release|Any CPU
	EndGlobalSection
	GlobalSection(SolutionProperties) = preSolution
		HideSolutionNode = FALSE
	EndGlobalSection
	GlobalSection(NestedProjects) = preSolution
		{690C881D-3991-43C8-9720-772BE2AEC8A3} = {02EA681E-C7D8-13C7-8484-4AC65E1B71E8}
		{0C313832-6790-4C7A-86B0-DF869AAAF29A} = {02EA681E-C7D8-13C7-8484-4AC65E1B71E8}
		{C607B73B-518D-419C-90F3-72EE84892F55} = {0C313832-6790-4C7A-86B0-DF869AAAF29A}
	EndGlobalSection
	GlobalSection(ExtensibilityGlobals) = postSolution
		SolutionGuid = {63767666-FCCD-442C-AEC7-12CCDD8951A7}
	EndGlobalSection
EndGlobal
